
Microsoft Visual Studio Solution File, Format Version 12.00
# Visual Studio Version 17
VisualStudioVersion = 17.0.31903.59
MinimumVisualStudioVersion = 10.0.40219.1
Project("{2150E333-8FDC-42A3-9474-1A3956D46DE8}") = "src", "src", "{4B2B2AEB-9E65-4275-9B5A-1C817E1711AA}"
EndProject
Project("{FAE04EC0-301F-11D3-BF4B-00C04F79EFBC}") = "NML.Core", "src\NML.Core\NML.Core.csproj", "{53E063FC-A208-4993-BF94-4190C056454F}"
EndProject
Project("{FAE04EC0-301F-11D3-BF4B-00C04F79EFBC}") = "NML.Data", "src\NML.Data\NML.Data.csproj", "{3ADE73DF-C219-4F08-B4EF-5CF543A4C46F}"
EndProject
Project("{FAE04EC0-301F-11D3-BF4B-00C04F79EFBC}") = "NML.AICore", "src\NML.AICore\NML.AICore.csproj", "{08B3BA07-22C0-47C1-9223-1E764F3FEFA4}"
EndProject
Project("{FAE04EC0-301F-11D3-BF4B-00C04F79EFBC}") = "NML.App", "src\NML.App\NML.App.csproj", "{E454953D-AF4B-4D82-9E26-6ED503FB5779}"
EndProject
Project("{2150E333-8FDC-42A3-9474-1A3956D46DE8}") = "tests", "tests", "{59FFBD96-3AB6-4C7C-8DC6-44E0978892BB}"
EndProject
Project("{FAE04EC0-301F-11D3-BF4B-00C04F79EFBC}") = "NML.Core.Tests", "tests\NML.Core.Tests\NML.Core.Tests.csproj", "{11C69F61-296F-46B8-9A97-5A5F511BC13B}"
EndProject
Project("{FAE04EC0-301F-11D3-BF4B-00C04F79EFBC}") = "NML.Data.Tests", "tests\NML.Data.Tests\NML.Data.Tests.csproj", "{AB705BA0-0F90-4848-9A98-D47D89F7F2A6}"
EndProject
Project("{FAE04EC0-301F-11D3-BF4B-00C04F79EFBC}") = "NML.AICore.Tests", "tests\NML.AICore.Tests\NML.AICore.Tests.csproj", "{89F5880D-5744-481A-8BAA-D5C1D2457957}"
EndProject
Global
	GlobalSection(SolutionConfigurationPlatforms) = preSolution
		Debug|Any CPU = Debug|Any CPU
		Release|Any CPU = Release|Any CPU
	EndGlobalSection
	GlobalSection(SolutionProperties) = preSolution
		HideSolutionNode = FALSE
	EndGlobalSection
	GlobalSection(ProjectConfigurationPlatforms) = postSolution
		{53E063FC-A208-4993-BF94-4190C056454F}.Debug|Any CPU.ActiveCfg = Debug|Any CPU
		{53E063FC-A208-4993-BF94-4190C056454F}.Debug|Any CPU.Build.0 = Debug|Any CPU
		{53E063FC-A208-4993-BF94-4190C056454F}.Release|Any CPU.ActiveCfg = Release|Any CPU
		{53E063FC-A208-4993-BF94-4190C056454F}.Release|Any CPU.Build.0 = Release|Any CPU
		{3ADE73DF-C219-4F08-B4EF-5CF543A4C46F}.Debug|Any CPU.ActiveCfg = Debug|Any CPU
		{3ADE73DF-C219-4F08-B4EF-5CF543A4C46F}.Debug|Any CPU.Build.0 = Debug|Any CPU
		{3ADE73DF-C219-4F08-B4EF-5CF543A4C46F}.Release|Any CPU.ActiveCfg = Release|Any CPU
		{3ADE73DF-C219-4F08-B4EF-5CF543A4C46F}.Release|Any CPU.Build.0 = Release|Any CPU
		{08B3BA07-22C0-47C1-9223-1E764F3FEFA4}.Debug|Any CPU.ActiveCfg = Debug|Any CPU
		{08B3BA07-22C0-47C1-9223-1E764F3FEFA4}.Debug|Any CPU.Build.0 = Debug|Any CPU
		{08B3BA07-22C0-47C1-9223-1E764F3FEFA4}.Release|Any CPU.ActiveCfg = Release|Any CPU
		{08B3BA07-22C0-47C1-9223-1E764F3FEFA4}.Release|Any CPU.Build.0 = Release|Any CPU
		{E454953D-AF4B-4D82-9E26-6ED503FB5779}.Debug|Any CPU.ActiveCfg = Debug|Any CPU
		{E454953D-AF4B-4D82-9E26-6ED503FB5779}.Debug|Any CPU.Build.0 = Debug|Any CPU
		{E454953D-AF4B-4D82-9E26-6ED503FB5779}.Release|Any CPU.ActiveCfg = Release|Any CPU
		{E454953D-AF4B-4D82-9E26-6ED503FB5779}.Release|Any CPU.Build.0 = Release|Any CPU
		{11C69F61-296F-46B8-9A97-5A5F511BC13B}.Debug|Any CPU.ActiveCfg = Debug|Any CPU
		{11C69F61-296F-46B8-9A97-5A5F511BC13B}.Debug|Any CPU.Build.0 = Debug|Any CPU
		{11C69F61-296F-46B8-9A97-5A5F511BC13B}.Release|Any CPU.ActiveCfg = Release|Any CPU
		{11C69F61-296F-46B8-9A97-5A5F511BC13B}.Release|Any CPU.Build.0 = Release|Any CPU
		{AB705BA0-0F90-4848-9A98-D47D89F7F2A6}.Debug|Any CPU.ActiveCfg = Debug|Any CPU
		{AB705BA0-0F90-4848-9A98-D47D89F7F2A6}.Debug|Any CPU.Build.0 = Debug|Any CPU
		{AB705BA0-0F90-4848-9A98-D47D89F7F2A6}.Release|Any CPU.ActiveCfg = Release|Any CPU
		{AB705BA0-0F90-4848-9A98-D47D89F7F2A6}.Release|Any CPU.Build.0 = Release|Any CPU
		{89F5880D-5744-481A-8BAA-D5C1D2457957}.Debug|Any CPU.ActiveCfg = Debug|Any CPU
		{89F5880D-5744-481A-8BAA-D5C1D2457957}.Debug|Any CPU.Build.0 = Debug|Any CPU
		{89F5880D-5744-481A-8BAA-D5C1D2457957}.Release|Any CPU.ActiveCfg = Release|Any CPU
		{89F5880D-5744-481A-8BAA-D5C1D2457957}.Release|Any CPU.Build.0 = Release|Any CPU
	EndGlobalSection
	GlobalSection(NestedProjects) = preSolution
		{53E063FC-A208-4993-BF94-4190C056454F} = {4B2B2AEB-9E65-4275-9B5A-1C817E1711AA}
		{3ADE73DF-C219-4F08-B4EF-5CF543A4C46F} = {4B2B2AEB-9E65-4275-9B5A-1C817E1711AA}
		{08B3BA07-22C0-47C1-9223-1E764F3FEFA4} = {4B2B2AEB-9E65-4275-9B5A-1C817E1711AA}
		{E454953D-AF4B-4D82-9E26-6ED503FB5779} = {4B2B2AEB-9E65-4275-9B5A-1C817E1711AA}
		{11C69F61-296F-46B8-9A97-5A5F511BC13B} = {59FFBD96-3AB6-4C7C-8DC6-44E0978892BB}
		{AB705BA0-0F90-4848-9A98-D47D89F7F2A6} = {59FFBD96-3AB6-4C7C-8DC6-44E0978892BB}
		{89F5880D-5744-481A-8BAA-D5C1D2457957} = {59FFBD96-3AB6-4C7C-8DC6-44E0978892BB}
	EndGlobalSection
EndGlobal
